
Microsoft Visual Studio Solution File, Format Version 12.00
# Visual Studio Version 16
VisualStudioVersion = 16.0.31729.503
MinimumVisualStudioVersion = 10.0.40219.1
Project("{FAE04EC0-301F-11D3-BF4B-00C04F79EFBC}") = "WebAPI", "WebAPI\WebAPI.csproj", "{1D02D8FA-6D3D-41A8-9DDA-6EF7A106A384}"
EndProject
Global
	GlobalSection(SolutionConfigurationPlatforms) = preSolution
		Debug|Any CPU = Debug|Any CPU
		Release|Any CPU = Release|Any CPU
	EndGlobalSection
	GlobalSection(ProjectConfigurationPlatforms) = postSolution
		{1D02D8FA-6D3D-41A8-9DDA-6EF7A106A384}.Debug|Any CPU.ActiveCfg = Debug|Any CPU
		{1D02D8FA-6D3D-41A8-9DDA-6EF7A106A384}.Debug|Any CPU.Build.0 = Debug|Any CPU
		{1D02D8FA-6D3D-41A8-9DDA-6EF7A106A384}.Release|Any CPU.ActiveCfg = Release|Any CPU
		{1D02D8FA-6D3D-41A8-9DDA-6EF7A106A384}.Release|Any CPU.Build.0 = Release|Any CPU
	EndGlobalSection
	GlobalSection(SolutionProperties) = preSolution
		HideSolutionNode = FALSE
	EndGlobalSection
	GlobalSection(ExtensibilityGlobals) = postSolution
		SolutionGuid = {C9595F74-BE18-4374-BC02-E9C3DBC7CE98}
	EndGlobalSection
EndGlobal
